{
  "name": "ex09",
  "version": "1.0.0",
  "lockfileVersion": 3,
  "requires": true,
  "packages": {
    "": {
      "name": "ex09",
      "version": "1.0.0",
      "license": "ISC",
      "dependencies": {
        "flow-bin": "^0.253.0",
        "flowtype": "^2.0.0"
      }
    },
    "node_modules/cell": {
      "version": "1.0.2",
      "resolved": "git+ssh://git@github.com/jkroso/cell.git#6db4991ebff09e344d7c1211c4abdcc62aff479e"
    },
    "node_modules/flow-bin": {
      "version": "0.253.0",
      "resolved": "https://registry.npmjs.org/flow-bin/-/flow-bin-0.253.0.tgz",
      "integrity": "sha512-D1EY3n+YNTG9PK15VGHuwxTPMJncUizVDjFS7vm6mIj1qoo7DDDMa8poEgpuZS0yKVBMWoM2IXlWYyZ9v5MVvg==",
      "bin": {
        "flow": "cli.js"
      },
      "engines": {
        "node": ">=0.10.0"
      }
    },
    "node_modules/flowtype": {
      "version": "2.0.0",
      "resolved": "https://registry.npmjs.org/flowtype/-/flowtype-2.0.0.tgz",
      "integrity": "sha512-/14ZZloMsh0gV9i0kfeHfcyA2n40dNoUOKb7Npw9V+xVTUaJBfbyQI3usf1vjYBKHazSxeGE3id4KPcUx+y2/Q==",
      "dependencies": {
        "merge": "github:yields/merge",
        "viewport": "2"
      }
    },
    "node_modules/merge": {
      "version": "1.0.1",
      "resolved": "git+ssh://git@github.com/yields/merge.git#2f357cb501cd06f1a86394b7817e5df73c53f644"
    },
    "node_modules/viewport": {
      "version": "2.0.1",
      "resolved": "https://registry.npmjs.org/viewport/-/viewport-2.0.1.tgz",
      "integrity": "sha512-tXRwDYNbFwKlOyETdVQldQ/Ki0YGTAa/CNWogMyek7Uw+a4UOF8rRCtYm752sEF+7dWT+kHsfBtgWMrSH9ykwg==",
      "dependencies": {
        "cell": "github:jkroso/cell"
      }
    }
  }
}
